
Microsoft Visual Studio Solution File, Format Version 12.00
# Visual Studio Version 16
VisualStudioVersion = 16.0.30011.22
MinimumVisualStudioVersion = 10.0.40219.1
Project("{FAE04EC0-301F-11D3-BF4B-00C04F79EFBC}") = "guess game", "guess game\guess game.csproj", "{E3291B16-D4B2-4439-8A6C-69A3FD2D7C88}"
EndProject
Global
	GlobalSection(SolutionConfigurationPlatforms) = preSolution
		Debug|Any CPU = Debug|Any CPU
		Release|Any CPU = Release|Any CPU
	EndGlobalSection
	GlobalSection(ProjectConfigurationPlatforms) = postSolution
		{E3291B16-D4B2-4439-8A6C-69A3FD2D7C88}.Debug|Any CPU.ActiveCfg = Debug|Any CPU
		{E3291B16-D4B2-4439-8A6C-69A3FD2D7C88}.Debug|Any CPU.Build.0 = Debug|Any CPU
		{E3291B16-D4B2-4439-8A6C-69A3FD2D7C88}.Release|Any CPU.ActiveCfg = Release|Any CPU
		{E3291B16-D4B2-4439-8A6C-69A3FD2D7C88}.Release|Any CPU.Build.0 = Release|Any CPU
	EndGlobalSection
	GlobalSection(SolutionProperties) = preSolution
		HideSolutionNode = FALSE
	EndGlobalSection
	GlobalSection(ExtensibilityGlobals) = postSolution
		SolutionGuid = {E1998ABB-7A20-40EF-8AB9-1523705BF4A3}
	EndGlobalSection
EndGlobal
